// !$*UTF8*$!
{
	archiveVersion = 1;
	classes = {
	};
	objectVersion = 56;
	objects = {

/* Begin PBXBuildFile section */
		84026C392BE4D1D500646C6F /* OpenInAppApp.swift in Sources */ = {isa = PBXBuildFile; fileRef = 84026C382BE4D1D500646C6F /* OpenInAppApp.swift */; };
		84026C3B2BE4D1D500646C6F /* ContentView.swift in Sources */ = {isa = PBXBuildFile; fileRef = 84026C3A2BE4D1D500646C6F /* ContentView.swift */; };
		84026C3D2BE4D1D600646C6F /* Assets.xcassets in Resources */ = {isa = PBXBuildFile; fileRef = 84026C3C2BE4D1D600646C6F /* Assets.xcassets */; };
		84026C412BE4D1D600646C6F /* Preview Assets.xcassets in Resources */ = {isa = PBXBuildFile; fileRef = 84026C402BE4D1D600646C6F /* Preview Assets.xcassets */; };
		84026C4B2BE4D1D600646C6F /* OpenInAppTests.swift in Sources */ = {isa = PBXBuildFile; fileRef = 84026C4A2BE4D1D600646C6F /* OpenInAppTests.swift */; };
		84026C552BE4D1D600646C6F /* OpenInAppUITests.swift in Sources */ = {isa = PBXBuildFile; fileRef = 84026C542BE4D1D600646C6F /* OpenInAppUITests.swift */; };
		84026C572BE4D1D600646C6F /* OpenInAppUITestsLaunchTests.swift in Sources */ = {isa = PBXBuildFile; fileRef = 84026C562BE4D1D600646C6F /* OpenInAppUITestsLaunchTests.swift */; };
		84026C652BE4DA9800646C6F /* SwiftUICharts in Frameworks */ = {isa = PBXBuildFile; productRef = 84026C642BE4DA9800646C6F /* SwiftUICharts */; };
/* End PBXBuildFile section */

/* Begin PBXContainerItemProxy section */
		84026C472BE4D1D600646C6F /* PBXContainerItemProxy */ = {
			isa = PBXContainerItemProxy;
			containerPortal = 84026C2D2BE4D1D500646C6F /* Project object */;
			proxyType = 1;
			remoteGlobalIDString = 84026C342BE4D1D500646C6F;
			remoteInfo = OpenInApp;
		};
		84026C512BE4D1D600646C6F /* PBXContainerItemProxy */ = {
			isa = PBXContainerItemProxy;
			containerPortal = 84026C2D2BE4D1D500646C6F /* Project object */;
			proxyType = 1;
			remoteGlobalIDString = 84026C342BE4D1D500646C6F;
			remoteInfo = OpenInApp;
		};
/* End PBXContainerItemProxy section */

/* Begin PBXFileReference section */
		84026C352BE4D1D500646C6F /* OpenInApp.app */ = {isa = PBXFileReference; explicitFileType = wrapper.application; includeInIndex = 0; path = OpenInApp.app; sourceTree = BUILT_PRODUCTS_DIR; };
		84026C382BE4D1D500646C6F /* OpenInAppApp.swift */ = {isa = PBXFileReference; lastKnownFileType = sourcecode.swift; path = OpenInAppApp.swift; sourceTree = "<group>"; };
		84026C3A2BE4D1D500646C6F /* ContentView.swift */ = {isa = PBXFileReference; lastKnownFileType = sourcecode.swift; path = ContentView.swift; sourceTree = "<group>"; };
		84026C3C2BE4D1D600646C6F /* Assets.xcassets */ = {isa = PBXFileReference; lastKnownFileType = folder.assetcatalog; path = Assets.xcassets; sourceTree = "<group>"; };
		84026C3E2BE4D1D600646C6F /* OpenInApp.entitlements */ = {isa = PBXFileReference; lastKnownFileType = text.plist.entitlements; path = OpenInApp.entitlements; sourceTree = "<group>"; };
		84026C402BE4D1D600646C6F /* Preview Assets.xcassets */ = {isa = PBXFileReference; lastKnownFileType = folder.assetcatalog; path = "Preview Assets.xcassets"; sourceTree = "<group>"; };
		84026C462BE4D1D600646C6F /* OpenInAppTests.xctest */ = {isa = PBXFileReference; explicitFileType = wrapper.cfbundle; includeInIndex = 0; path = OpenInAppTests.xctest; sourceTree = BUILT_PRODUCTS_DIR; };
		84026C4A2BE4D1D600646C6F /* OpenInAppTests.swift */ = {isa = PBXFileReference; lastKnownFileType = sourcecode.swift; path = OpenInAppTests.swift; sourceTree = "<group>"; };
		84026C502BE4D1D600646C6F /* OpenInAppUITests.xctest */ = {isa = PBXFileReference; explicitFileType = wrapper.cfbundle; includeInIndex = 0; path = OpenInAppUITests.xctest; sourceTree = BUILT_PRODUCTS_DIR; };
		84026C542BE4D1D600646C6F /* OpenInAppUITests.swift */ = {isa = PBXFileReference; lastKnownFileType = sourcecode.swift; path = OpenInAppUITests.swift; sourceTree = "<group>"; };
		84026C562BE4D1D600646C6F /* OpenInAppUITestsLaunchTests.swift */ = {isa = PBXFileReference; lastKnownFileType = sourcecode.swift; path = OpenInAppUITestsLaunchTests.swift; sourceTree = "<group>"; };
/* End PBXFileReference section */

/* Begin PBXFrameworksBuildPhase section */
		84026C322BE4D1D500646C6F /* Frameworks */ = {
			isa = PBXFrameworksBuildPhase;
			buildActionMask = 2147483647;
			files = (
				84026C652BE4DA9800646C6F /* SwiftUICharts in Frameworks */,
			);
			runOnlyForDeploymentPostprocessing = 0;
		};
		84026C432BE4D1D600646C6F /* Frameworks */ = {
			isa = PBXFrameworksBuildPhase;
			buildActionMask = 2147483647;
			files = (
			);
			runOnlyForDeploymentPostprocessing = 0;
		};
		84026C4D2BE4D1D600646C6F /* Frameworks */ = {
			isa = PBXFrameworksBuildPhase;
			buildActionMask = 2147483647;
			files = (
			);
			runOnlyForDeploymentPostprocessing = 0;
		};
/* End PBXFrameworksBuildPhase section */

/* Begin PBXGroup section */
		84026C2C2BE4D1D500646C6F = {
			isa = PBXGroup;
			children = (
				84026C372BE4D1D500646C6F /* OpenInApp */,
				84026C532BE4D1D600646C6F /* OpenInAppUITests */,
				84026C362BE4D1D500646C6F /* Products */,
			);
			sourceTree = "<group>";
		};
		84026C362BE4D1D500646C6F /* Products */ = {
			isa = PBXGroup;
			children = (
				84026C352BE4D1D500646C6F /* OpenInApp.app */,
				84026C462BE4D1D600646C6F /* OpenInAppTests.xctest */,
				84026C502BE4D1D600646C6F /* OpenInAppUITests.xctest */,
			);
			name = Products;
			sourceTree = "<group>";
		};
		84026C372BE4D1D500646C6F /* OpenInApp */ = {
			isa = PBXGroup;
			children = (
				84026C382BE4D1D500646C6F /* OpenInAppApp.swift */,
				84026C3A2BE4D1D500646C6F /* ContentView.swift */,
				84026C492BE4D1D600646C6F /* OpenInAppTests */,
				84026C3C2BE4D1D600646C6F /* Assets.xcassets */,
				84026C3E2BE4D1D600646C6F /* OpenInApp.entitlements */,
				84026C3F2BE4D1D600646C6F /* Preview Content */,
			);
			path = OpenInApp;
			sourceTree = "<group>";
		};
		84026C3F2BE4D1D600646C6F /* Preview Content */ = {
			isa = PBXGroup;
			children = (
				84026C402BE4D1D600646C6F /* Preview Assets.xcassets */,
			);
			path = "Preview Content";
			sourceTree = "<group>";
		};
		84026C492BE4D1D600646C6F /* OpenInAppTests */ = {
			isa = PBXGroup;
			children = (
				84026C4A2BE4D1D600646C6F /* OpenInAppTests.swift */,
			);
			path = OpenInAppTests;
			sourceTree = "<group>";
		};
		84026C532BE4D1D600646C6F /* OpenInAppUITests */ = {
			isa = PBXGroup;
			children = (
				84026C542BE4D1D600646C6F /* OpenInAppUITests.swift */,
				84026C562BE4D1D600646C6F /* OpenInAppUITestsLaunchTests.swift */,
			);
			path = OpenInAppUITests;
			sourceTree = "<group>";
		};
/* End PBXGroup section */

/* Begin PBXNativeTarget section */
		84026C342BE4D1D500646C6F /* OpenInApp */ = {
			isa = PBXNativeTarget;
			buildConfigurationList = 84026C5A2BE4D1D600646C6F /* Build configuration list for PBXNativeTarget "OpenInApp" */;
			buildPhases = (
				84026C312BE4D1D500646C6F /* Sources */,
				84026C322BE4D1D500646C6F /* Frameworks */,
				84026C332BE4D1D500646C6F /* Resources */,
			);
			buildRules = (
			);
			dependencies = (
			);
			name = OpenInApp;
			packageProductDependencies = (
				84026C642BE4DA9800646C6F /* SwiftUICharts */,
			);
			productName = OpenInApp;
			productReference = 84026C352BE4D1D500646C6F /* OpenInApp.app */;
			productType = "com.apple.product-type.application";
		};
		84026C452BE4D1D600646C6F /* OpenInAppTests */ = {
			isa = PBXNativeTarget;
			buildConfigurationList = 84026C5D2BE4D1D600646C6F /* Build configuration list for PBXNativeTarget "OpenInAppTests" */;
			buildPhases = (
				84026C422BE4D1D600646C6F /* Sources */,
				84026C432BE4D1D600646C6F /* Frameworks */,
				84026C442BE4D1D600646C6F /* Resources */,
			);
			buildRules = (
			);
			dependencies = (
				84026C482BE4D1D600646C6F /* PBXTargetDependency */,
			);
			name = OpenInAppTests;
			productName = OpenInAppTests;
			productReference = 84026C462BE4D1D600646C6F /* OpenInAppTests.xctest */;
			productType = "com.apple.product-type.bundle.unit-test";
		};
		84026C4F2BE4D1D600646C6F /* OpenInAppUITests */ = {
			isa = PBXNativeTarget;
			buildConfigurationList = 84026C602BE4D1D600646C6F /* Build configuration list for PBXNativeTarget "OpenInAppUITests" */;
			buildPhases = (
				84026C4C2BE4D1D600646C6F /* Sources */,
				84026C4D2BE4D1D600646C6F /* Frameworks */,
				84026C4E2BE4D1D600646C6F /* Resources */,
			);
			buildRules = (
			);
			dependencies = (
				84026C522BE4D1D600646C6F /* PBXTargetDependency */,
			);
			name = OpenInAppUITests;
			productName = OpenInAppUITests;
			productReference = 84026C502BE4D1D600646C6F /* OpenInAppUITests.xctest */;
			productType = "com.apple.product-type.bundle.ui-testing";
		};
/* End PBXNativeTarget section */

/* Begin PBXProject section */
		84026C2D2BE4D1D500646C6F /* Project object */ = {
			isa = PBXProject;
			attributes = {
				BuildIndependentTargetsInParallel = 1;
				LastSwiftUpdateCheck = 1530;
				LastUpgradeCheck = 1530;
				TargetAttributes = {
					84026C342BE4D1D500646C6F = {
						CreatedOnToolsVersion = 15.3;
					};
					84026C452BE4D1D600646C6F = {
						CreatedOnToolsVersion = 15.3;
						TestTargetID = 84026C342BE4D1D500646C6F;
					};
					84026C4F2BE4D1D600646C6F = {
						CreatedOnToolsVersion = 15.3;
						TestTargetID = 84026C342BE4D1D500646C6F;
					};
				};
			};
			buildConfigurationList = 84026C302BE4D1D500646C6F /* Build configuration list for PBXProject "OpenInApp" */;
			compatibilityVersion = "Xcode 14.0";
			developmentRegion = en;
			hasScannedForEncodings = 0;
			knownRegions = (
				en,
				Base,
			);
			mainGroup = 84026C2C2BE4D1D500646C6F;
			packageReferences = (
				84026C632BE4DA9800646C6F /* XCRemoteSwiftPackageReference "ChartView" */,
			);
			productRefGroup = 84026C362BE4D1D500646C6F /* Products */;
			projectDirPath = "";
			projectRoot = "";
			targets = (
				84026C342BE4D1D500646C6F /* OpenInApp */,
				84026C452BE4D1D600646C6F /* OpenInAppTests */,
				84026C4F2BE4D1D600646C6F /* OpenInAppUITests */,
			);
		};
/* End PBXProject section */

/* Begin PBXResourcesBuildPhase section */
		84026C332BE4D1D500646C6F /* Resources */ = {
			isa = PBXResourcesBuildPhase;
			buildActionMask = 2147483647;
			files = (
				84026C412BE4D1D600646C6F /* Preview Assets.xcassets in Resources */,
				84026C3D2BE4D1D600646C6F /* Assets.xcassets in Resources */,
			);
			runOnlyForDeploymentPostprocessing = 0;
		};
		84026C442BE4D1D600646C6F /* Resources */ = {
			isa = PBXResourcesBuildPhase;
			buildActionMask = 2147483647;
			files = (
			);
			runOnlyForDeploymentPostprocessing = 0;
		};
		84026C4E2BE4D1D600646C6F /* Resources */ = {
			isa = PBXResourcesBuildPhase;
			buildActionMask = 2147483647;
			files = (
			);
			runOnlyForDeploymentPostprocessing = 0;
		};
/* End PBXResourcesBuildPhase section */

/* Begin PBXSourcesBuildPhase section */
		84026C312BE4D1D500646C6F /* Sources */ = {
			isa = PBXSourcesBuildPhase;
			buildActionMask = 2147483647;
			files = (
				84026C3B2BE4D1D500646C6F /* ContentView.swift in Sources */,
				84026C392BE4D1D500646C6F /* OpenInAppApp.swift in Sources */,
			);
			runOnlyForDeploymentPostprocessing = 0;
		};
		84026C422BE4D1D600646C6F /* Sources */ = {
			isa = PBXSourcesBuildPhase;
			buildActionMask = 2147483647;
			files = (
				84026C4B2BE4D1D600646C6F /* OpenInAppTests.swift in Sources */,
			);
			runOnlyForDeploymentPostprocessing = 0;
		};
		84026C4C2BE4D1D600646C6F /* Sources */ = {
			isa = PBXSourcesBuildPhase;
			buildActionMask = 2147483647;
			files = (
				84026C552BE4D1D600646C6F /* OpenInAppUITests.swift in Sources */,
				84026C572BE4D1D600646C6F /* OpenInAppUITestsLaunchTests.swift in Sources */,
			);
			runOnlyForDeploymentPostprocessing = 0;
		};
/* End PBXSourcesBuildPhase section */

/* Begin PBXTargetDependency section */
		84026C482BE4D1D600646C6F /* PBXTargetDependency */ = {
			isa = PBXTargetDependency;
			target = 84026C342BE4D1D500646C6F /* OpenInApp */;
			targetProxy = 84026C472BE4D1D600646C6F /* PBXContainerItemProxy */;
		};
		84026C522BE4D1D600646C6F /* PBXTargetDependency */ = {
			isa = PBXTargetDependency;
			target = 84026C342BE4D1D500646C6F /* OpenInApp */;
			targetProxy = 84026C512BE4D1D600646C6F /* PBXContainerItemProxy */;
		};
/* End PBXTargetDependency section */

/* Begin XCBuildConfiguration section */
		84026C582BE4D1D600646C6F /* Debug */ = {
			isa = XCBuildConfiguration;
			buildSettings = {
				ALWAYS_SEARCH_USER_PATHS = NO;
				ASSETCATALOG_COMPILER_GENERATE_SWIFT_ASSET_SYMBOL_EXTENSIONS = YES;
				CLANG_ANALYZER_NONNULL = YES;
				CLANG_ANALYZER_NUMBER_OBJECT_CONVERSION = YES_AGGRESSIVE;
				CLANG_CXX_LANGUAGE_STANDARD = "gnu++20";
				CLANG_ENABLE_MODULES = YES;
				CLANG_ENABLE_OBJC_ARC = YES;
				CLANG_ENABLE_OBJC_WEAK = YES;
				CLANG_WARN_BLOCK_CAPTURE_AUTORELEASING = YES;
				CLANG_WARN_BOOL_CONVERSION = YES;
				CLANG_WARN_COMMA = YES;
				CLANG_WARN_CONSTANT_CONVERSION = YES;
				CLANG_WARN_DEPRECATED_OBJC_IMPLEMENTATIONS = YES;
				CLANG_WARN_DIRECT_OBJC_ISA_USAGE = YES_ERROR;
				CLANG_WARN_DOCUMENTATION_COMMENTS = YES;
				CLANG_WARN_EMPTY_BODY = YES;
				CLANG_WARN_ENUM_CONVERSION = YES;
				CLANG_WARN_INFINITE_RECURSION = YES;
				CLANG_WARN_INT_CONVERSION = YES;
				CLANG_WARN_NON_LITERAL_NULL_CONVERSION = YES;
				CLANG_WARN_OBJC_IMPLICIT_RETAIN_SELF = YES;
				CLANG_WARN_OBJC_LITERAL_CONVERSION = YES;
				CLANG_WARN_OBJC_ROOT_CLASS = YES_ERROR;
				CLANG_WARN_QUOTED_INCLUDE_IN_FRAMEWORK_HEADER = YES;
				CLANG_WARN_RANGE_LOOP_ANALYSIS = YES;
				CLANG_WARN_STRICT_PROTOTYPES = YES;
				CLANG_WARN_SUSPICIOUS_MOVE = YES;
				CLANG_WARN_UNGUARDED_AVAILABILITY = YES_AGGRESSIVE;
				CLANG_WARN_UNREACHABLE_CODE = YES;
				CLANG_WARN__DUPLICATE_METHOD_MATCH = YES;
				COPY_PHASE_STRIP = NO;
				DEBUG_INFORMATION_FORMAT = dwarf;
				ENABLE_STRICT_OBJC_MSGSEND = YES;
				ENABLE_TESTABILITY = YES;
				ENABLE_USER_SCRIPT_SANDBOXING = YES;
				GCC_C_LANGUAGE_STANDARD = gnu17;
				GCC_DYNAMIC_NO_PIC = NO;
				GCC_NO_COMMON_BLOCKS = YES;
				GCC_OPTIMIZATION_LEVEL = 0;
				GCC_PREPROCESSOR_DEFINITIONS = (
					"DEBUG=1",
					"$(inherited)",
				);
				GCC_WARN_64_TO_32_BIT_CONVERSION = YES;
				GCC_WARN_ABOUT_RETURN_TYPE = YES_ERROR;
				GCC_WARN_UNDECLARED_SELECTOR = YES;
				GCC_WARN_UNINITIALIZED_AUTOS = YES_AGGRESSIVE;
				GCC_WARN_UNUSED_FUNCTION = YES;
				GCC_WARN_UNUSED_VARIABLE = YES;
				LOCALIZATION_PREFERS_STRING_CATALOGS = YES;
				MTL_ENABLE_DEBUG_INFO = INCLUDE_SOURCE;
				MTL_FAST_MATH = YES;
				ONLY_ACTIVE_ARCH = YES;
				SWIFT_ACTIVE_COMPILATION_CONDITIONS = "DEBUG $(inherited)";
				SWIFT_OPTIMIZATION_LEVEL = "-Onone";
			};
			name = Debug;
		};
		84026C592BE4D1D600646C6F /* Release */ = {
			isa = XCBuildConfiguration;
			buildSettings = {
				ALWAYS_SEARCH_USER_PATHS = NO;
				ASSETCATALOG_COMPILER_GENERATE_SWIFT_ASSET_SYMBOL_EXTENSIONS = YES;
				CLANG_ANALYZER_NONNULL = YES;
				CLANG_ANALYZER_NUMBER_OBJECT_CONVERSION = YES_AGGRESSIVE;
				CLANG_CXX_LANGUAGE_STANDARD = "gnu++20";
				CLANG_ENABLE_MODULES = YES;
				CLANG_ENABLE_OBJC_ARC = YES;
				CLANG_ENABLE_OBJC_WEAK = YES;
				CLANG_WARN_BLOCK_CAPTURE_AUTORELEASING = YES;
				CLANG_WARN_BOOL_CONVERSION = YES;
				CLANG_WARN_COMMA = YES;
				CLANG_WARN_CONSTANT_CONVERSION = YES;
				CLANG_WARN_DEPRECATED_OBJC_IMPLEMENTATIONS = YES;
				CLANG_WARN_DIRECT_OBJC_ISA_USAGE = YES_ERROR;
				CLANG_WARN_DOCUMENTATION_COMMENTS = YES;
				CLANG_WARN_EMPTY_BODY = YES;
				CLANG_WARN_ENUM_CONVERSION = YES;
				CLANG_WARN_INFINITE_RECURSION = YES;
				CLANG_WARN_INT_CONVERSION = YES;
				CLANG_WARN_NON_LITERAL_NULL_CONVERSION = YES;
				CLANG_WARN_OBJC_IMPLICIT_RETAIN_SELF = YES;
				CLANG_WARN_OBJC_LITERAL_CONVERSION = YES;
				CLANG_WARN_OBJC_ROOT_CLASS = YES_ERROR;
				CLANG_WARN_QUOTED_INCLUDE_IN_FRAMEWORK_HEADER = YES;
				CLANG_WARN_RANGE_LOOP_ANALYSIS = YES;
				CLANG_WARN_STRICT_PROTOTYPES = YES;
				CLANG_WARN_SUSPICIOUS_MOVE = YES;
				CLANG_WARN_UNGUARDED_AVAILABILITY = YES_AGGRESSIVE;
				CLANG_WARN_UNREACHABLE_CODE = YES;
				CLANG_WARN__DUPLICATE_METHOD_MATCH = YES;
				COPY_PHASE_STRIP = NO;
				DEBUG_INFORMATION_FORMAT = "dwarf-with-dsym";
				ENABLE_NS_ASSERTIONS = NO;
				ENABLE_STRICT_OBJC_MSGSEND = YES;
				ENABLE_USER_SCRIPT_SANDBOXING = YES;
				GCC_C_LANGUAGE_STANDARD = gnu17;
				GCC_NO_COMMON_BLOCKS = YES;
				GCC_WARN_64_TO_32_BIT_CONVERSION = YES;
				GCC_WARN_ABOUT_RETURN_TYPE = YES_ERROR;
				GCC_WARN_UNDECLARED_SELECTOR = YES;
				GCC_WARN_UNINITIALIZED_AUTOS = YES_AGGRESSIVE;
				GCC_WARN_UNUSED_FUNCTION = YES;
				GCC_WARN_UNUSED_VARIABLE = YES;
				LOCALIZATION_PREFERS_STRING_CATALOGS = YES;
				MTL_ENABLE_DEBUG_INFO = NO;
				MTL_FAST_MATH = YES;
				SWIFT_COMPILATION_MODE = wholemodule;
			};
			name = Release;
		};
		84026C5B2BE4D1D600646C6F /* Debug */ = {
			isa = XCBuildConfiguration;
			buildSettings = {
				ASSETCATALOG_COMPILER_APPICON_NAME = AppIcon;
				ASSETCATALOG_COMPILER_GLOBAL_ACCENT_COLOR_NAME = AccentColor;
				CODE_SIGN_ENTITLEMENTS = OpenInApp/OpenInApp.entitlements;
				CODE_SIGN_STYLE = Automatic;
				CURRENT_PROJECT_VERSION = 1;
				DEVELOPMENT_ASSET_PATHS = "\"OpenInApp/Preview Content\"";
				DEVELOPMENT_TEAM = 6G6YV76FAP;
				ENABLE_HARDENED_RUNTIME = YES;
				ENABLE_PREVIEWS = YES;
				GENERATE_INFOPLIST_FILE = YES;
				"INFOPLIST_KEY_UIApplicationSceneManifest_Generation[sdk=iphoneos*]" = YES;
				"INFOPLIST_KEY_UIApplicationSceneManifest_Generation[sdk=iphonesimulator*]" = YES;
				"INFOPLIST_KEY_UIApplicationSupportsIndirectInputEvents[sdk=iphoneos*]" = YES;
				"INFOPLIST_KEY_UIApplicationSupportsIndirectInputEvents[sdk=iphonesimulator*]" = YES;
				"INFOPLIST_KEY_UILaunchScreen_Generation[sdk=iphoneos*]" = YES;
				"INFOPLIST_KEY_UILaunchScreen_Generation[sdk=iphonesimulator*]" = YES;
				"INFOPLIST_KEY_UIStatusBarStyle[sdk=iphoneos*]" = UIStatusBarStyleDefault;
				"INFOPLIST_KEY_UIStatusBarStyle[sdk=iphonesimulator*]" = UIStatusBarStyleDefault;
				INFOPLIST_KEY_UISupportedInterfaceOrientations_iPad = "UIInterfaceOrientationPortrait UIInterfaceOrientationPortraitUpsideDown UIInterfaceOrientationLandscapeLeft UIInterfaceOrientationLandscapeRight";
				INFOPLIST_KEY_UISupportedInterfaceOrientations_iPhone = "UIInterfaceOrientationPortrait UIInterfaceOrientationLandscapeLeft UIInterfaceOrientationLandscapeRight";
				IPHONEOS_DEPLOYMENT_TARGET = 17.4;
				LD_RUNPATH_SEARCH_PATHS = "@executable_path/Frameworks";
				"LD_RUNPATH_SEARCH_PATHS[sdk=macosx*]" = "@executable_path/../Frameworks";
				MACOSX_DEPLOYMENT_TARGET = 14.3;
				MARKETING_VERSION = 1.0;
				PRODUCT_BUNDLE_IDENTIFIER = varad.OpenInApp;
				PRODUCT_NAME = "$(TARGET_NAME)";
				SDKROOT = auto;
				SUPPORTED_PLATFORMS = "iphoneos iphonesimulator macosx";
				SWIFT_EMIT_LOC_STRINGS = YES;
				SWIFT_VERSION = 5.0;
				TARGETED_DEVICE_FAMILY = "1,2";
			};
			name = Debug;
		};
		84026C5C2BE4D1D600646C6F /* Release */ = {
			isa = XCBuildConfiguration;
			buildSettings = {
				ASSETCATALOG_COMPILER_APPICON_NAME = AppIcon;
				ASSETCATALOG_COMPILER_GLOBAL_ACCENT_COLOR_NAME = AccentColor;
				CODE_SIGN_ENTITLEMENTS = OpenInApp/OpenInApp.entitlements;
				CODE_SIGN_STYLE = Automatic;
				CURRENT_PROJECT_VERSION = 1;
				DEVELOPMENT_ASSET_PATHS = "\"OpenInApp/Preview Content\"";
				DEVELOPMENT_TEAM = 6G6YV76FAP;
				ENABLE_HARDENED_RUNTIME = YES;
				ENABLE_PREVIEWS = YES;
				GENERATE_INFOPLIST_FILE = YES;
				"INFOPLIST_KEY_UIApplicationSceneManifest_Generation[sdk=iphoneos*]" = YES;
				"INFOPLIST_KEY_UIApplicationSceneManifest_Generation[sdk=iphonesimulator*]" = YES;
				"INFOPLIST_KEY_UIApplicationSupportsIndirectInputEvents[sdk=iphoneos*]" = YES;
				"INFOPLIST_KEY_UIApplicationSupportsIndirectInputEvents[sdk=iphonesimulator*]" = YES;
				"INFOPLIST_KEY_UILaunchScreen_Generation[sdk=iphoneos*]" = YES;
				"INFOPLIST_KEY_UILaunchScreen_Generation[sdk=iphonesimulator*]" = YES;
				"INFOPLIST_KEY_UIStatusBarStyle[sdk=iphoneos*]" = UIStatusBarStyleDefault;
				"INFOPLIST_KEY_UIStatusBarStyle[sdk=iphonesimulator*]" = UIStatusBarStyleDefault;
				INFOPLIST_KEY_UISupportedInterfaceOrientations_iPad = "UIInterfaceOrientationPortrait UIInterfaceOrientationPortraitUpsideDown UIInterfaceOrientationLandscapeLeft UIInterfaceOrientationLandscapeRight";
				INFOPLIST_KEY_UISupportedInterfaceOrientations_iPhone = "UIInterfaceOrientationPortrait UIInterfaceOrientationLandscapeLeft UIInterfaceOrientationLandscapeRight";
				IPHONEOS_DEPLOYMENT_TARGET = 17.4;
				LD_RUNPATH_SEARCH_PATHS = "@executable_path/Frameworks";
				"LD_RUNPATH_SEARCH_PATHS[sdk=macosx*]" = "@executable_path/../Frameworks";
				MACOSX_DEPLOYMENT_TARGET = 14.3;
				MARKETING_VERSION = 1.0;
				PRODUCT_BUNDLE_IDENTIFIER = varad.OpenInApp;
				PRODUCT_NAME = "$(TARGET_NAME)";
				SDKROOT = auto;
				SUPPORTED_PLATFORMS = "iphoneos iphonesimulator macosx";
				SWIFT_EMIT_LOC_STRINGS = YES;
				SWIFT_VERSION = 5.0;
				TARGETED_DEVICE_FAMILY = "1,2";
			};
			name = Release;
		};
		84026C5E2BE4D1D600646C6F /* Debug */ = {
			isa = XCBuildConfiguration;
			buildSettings = {
				ALWAYS_EMBED_SWIFT_STANDARD_LIBRARIES = YES;
				BUNDLE_LOADER = "$(TEST_HOST)";
				CODE_SIGN_STYLE = Automatic;
				CURRENT_PROJECT_VERSION = 1;
				DEVELOPMENT_TEAM = 6G6YV76FAP;
				GENERATE_INFOPLIST_FILE = YES;
				IPHONEOS_DEPLOYMENT_TARGET = 17.4;
				MACOSX_DEPLOYMENT_TARGET = 14.3;
				MARKETING_VERSION = 1.0;
				PRODUCT_BUNDLE_IDENTIFIER = varad.OpenInAppTests;
				PRODUCT_NAME = "$(TARGET_NAME)";
				SDKROOT = auto;
				SUPPORTED_PLATFORMS = "iphoneos iphonesimulator macosx";
				SWIFT_EMIT_LOC_STRINGS = NO;
				SWIFT_VERSION = 5.0;
				TARGETED_DEVICE_FAMILY = "1,2";
				TEST_HOST = "$(BUILT_PRODUCTS_DIR)/OpenInApp.app/$(BUNDLE_EXECUTABLE_FOLDER_PATH)/OpenInApp";
			};
			name = Debug;
		};
		84026C5F2BE4D1D600646C6F /* Release */ = {
			isa = XCBuildConfiguration;
			buildSettings = {
				ALWAYS_EMBED_SWIFT_STANDARD_LIBRARIES = YES;
				BUNDLE_LOADER = "$(TEST_HOST)";
				CODE_SIGN_STYLE = Automatic;
				CURRENT_PROJECT_VERSION = 1;
				DEVELOPMENT_TEAM = 6G6YV76FAP;
				GENERATE_INFOPLIST_FILE = YES;
				IPHONEOS_DEPLOYMENT_TARGET = 17.4;
				MACOSX_DEPLOYMENT_TARGET = 14.3;
				MARKETING_VERSION = 1.0;
				PRODUCT_BUNDLE_IDENTIFIER = varad.OpenInAppTests;
				PRODUCT_NAME = "$(TARGET_NAME)";
				SDKROOT = auto;
				SUPPORTED_PLATFORMS = "iphoneos iphonesimulator macosx";
				SWIFT_EMIT_LOC_STRINGS = NO;
				SWIFT_VERSION = 5.0;
				TARGETED_DEVICE_FAMILY = "1,2";
				TEST_HOST = "$(BUILT_PRODUCTS_DIR)/OpenInApp.app/$(BUNDLE_EXECUTABLE_FOLDER_PATH)/OpenInApp";
			};
			name = Release;
		};
		84026C612BE4D1D600646C6F /* Debug */ = {
			isa = XCBuildConfiguration;
			buildSettings = {
				ALWAYS_EMBED_SWIFT_STANDARD_LIBRARIES = YES;
				CODE_SIGN_STYLE = Automatic;
				CURRENT_PROJECT_VERSION = 1;
				DEVELOPMENT_TEAM = 6G6YV76FAP;
				GENERATE_INFOPLIST_FILE = YES;
				IPHONEOS_DEPLOYMENT_TARGET = 17.4;
				MACOSX_DEPLOYMENT_TARGET = 14.3;
				MARKETING_VERSION = 1.0;
				PRODUCT_BUNDLE_IDENTIFIER = varad.OpenInAppUITests;
				PRODUCT_NAME = "$(TARGET_NAME)";
				SDKROOT = auto;
				SUPPORTED_PLATFORMS = "iphoneos iphonesimulator macosx";
				SWIFT_EMIT_LOC_STRINGS = NO;
				SWIFT_VERSION = 5.0;
				TARGETED_DEVICE_FAMILY = "1,2";
				TEST_TARGET_NAME = OpenInApp;
			};
			name = Debug;
		};
		84026C622BE4D1D600646C6F /* Release */ = {
			isa = XCBuildConfiguration;
			buildSettings = {
				ALWAYS_EMBED_SWIFT_STANDARD_LIBRARIES = YES;
				CODE_SIGN_STYLE = Automatic;
				CURRENT_PROJECT_VERSION = 1;
				DEVELOPMENT_TEAM = 6G6YV76FAP;
				GENERATE_INFOPLIST_FILE = YES;
				IPHONEOS_DEPLOYMENT_TARGET = 17.4;
				MACOSX_DEPLOYMENT_TARGET = 14.3;
				MARKETING_VERSION = 1.0;
				PRODUCT_BUNDLE_IDENTIFIER = varad.OpenInAppUITests;
				PRODUCT_NAME = "$(TARGET_NAME)";
				SDKROOT = auto;
				SUPPORTED_PLATFORMS = "iphoneos iphonesimulator macosx";
				SWIFT_EMIT_LOC_STRINGS = NO;
				SWIFT_VERSION = 5.0;
				TARGETED_DEVICE_FAMILY = "1,2";
				TEST_TARGET_NAME = OpenInApp;
			};
			name = Release;
		};
/* End XCBuildConfiguration section */

/* Begin XCConfigurationList section */
		84026C302BE4D1D500646C6F /* Build configuration list for PBXProject "OpenInApp" */ = {
			isa = XCConfigurationList;
			buildConfigurations = (
				84026C582BE4D1D600646C6F /* Debug */,
				84026C592BE4D1D600646C6F /* Release */,
			);
			defaultConfigurationIsVisible = 0;
			defaultConfigurationName = Release;
		};
		84026C5A2BE4D1D600646C6F /* Build configuration list for PBXNativeTarget "OpenInApp" */ = {
			isa = XCConfigurationList;
			buildConfigurations = (
				84026C5B2BE4D1D600646C6F /* Debug */,
				84026C5C2BE4D1D600646C6F /* Release */,
			);
			defaultConfigurationIsVisible = 0;
			defaultConfigurationName = Release;
		};
		84026C5D2BE4D1D600646C6F /* Build configuration list for PBXNativeTarget "OpenInAppTests" */ = {
			isa = XCConfigurationList;
			buildConfigurations = (
				84026C5E2BE4D1D600646C6F /* Debug */,
				84026C5F2BE4D1D600646C6F /* Release */,
			);
			defaultConfigurationIsVisible = 0;
			defaultConfigurationName = Release;
		};
		84026C602BE4D1D600646C6F /* Build configuration list for PBXNativeTarget "OpenInAppUITests" */ = {
			isa = XCConfigurationList;
			buildConfigurations = (
				84026C612BE4D1D600646C6F /* Debug */,
				84026C622BE4D1D600646C6F /* Release */,
			);
			defaultConfigurationIsVisible = 0;
			defaultConfigurationName = Release;
		};
/* End XCConfigurationList section */

/* Begin XCRemoteSwiftPackageReference section */
		84026C632BE4DA9800646C6F /* XCRemoteSwiftPackageReference "ChartView" */ = {
			isa = XCRemoteSwiftPackageReference;
			repositoryURL = "https://github.com/AppPear/ChartView";
			requirement = {
				kind = upToNextMajorVersion;
				minimumVersion = 1.5.5;
			};
		};
/* End XCRemoteSwiftPackageReference section */

/* Begin XCSwiftPackageProductDependency section */
		84026C642BE4DA9800646C6F /* SwiftUICharts */ = {
			isa = XCSwiftPackageProductDependency;
			package = 84026C632BE4DA9800646C6F /* XCRemoteSwiftPackageReference "ChartView" */;
			productName = SwiftUICharts;
		};
/* End XCSwiftPackageProductDependency section */
	};
	rootObject = 84026C2D2BE4D1D500646C6F /* Project object */;
}
